
Microsoft Visual Studio Solution File, Format Version 12.00
# Visual Studio Version 17
VisualStudioVersion = 17.6.33829.357
MinimumVisualStudioVersion = 10.0.40219.1
Project("{FAE04EC0-301F-11D3-BF4B-00C04F79EFBC}") = "ListUserIsaku", "ListUserIsaku\ListUserIsaku.csproj", "{A9AF3A53-97EE-4D56-B2A9-A747737B1402}"
EndProject
Global
	GlobalSection(SolutionConfigurationPlatforms) = preSolution
		Debug|Any CPU = Debug|Any CPU
		Release|Any CPU = Release|Any CPU
	EndGlobalSection
	GlobalSection(ProjectConfigurationPlatforms) = postSolution
		{A9AF3A53-97EE-4D56-B2A9-A747737B1402}.Debug|Any CPU.ActiveCfg = Debug|Any CPU
		{A9AF3A53-97EE-4D56-B2A9-A747737B1402}.Debug|Any CPU.Build.0 = Debug|Any CPU
		{A9AF3A53-97EE-4D56-B2A9-A747737B1402}.Release|Any CPU.ActiveCfg = Release|Any CPU
		{A9AF3A53-97EE-4D56-B2A9-A747737B1402}.Release|Any CPU.Build.0 = Release|Any CPU
	EndGlobalSection
	GlobalSection(SolutionProperties) = preSolution
		HideSolutionNode = FALSE
	EndGlobalSection
	GlobalSection(ExtensibilityGlobals) = postSolution
		SolutionGuid = {DDD4FF1D-D309-4161-AF7D-DA01C24D852A}
	EndGlobalSection
EndGlobal
